
Microsoft Visual Studio Solution File, Format Version 12.00
# Visual Studio Express 2013 for Windows Desktop
VisualStudioVersion = 12.0.21005.1
MinimumVisualStudioVersion = 10.0.40219.1
Project("{F184B08F-C81C-45F6-A57F-5ABD9991F28F}") = "Market", "Market\Market.vbproj", "{478AA975-69AC-4A0C-8E52-E4A45473AB4F}"
EndProject
Project("{F184B08F-C81C-45F6-A57F-5ABD9991F28F}") = "Core", "Core\Core.vbproj", "{ECBAB770-239A-4BA1-AECA-5A16CC866A29}"
EndProject
Project("{F184B08F-C81C-45F6-A57F-5ABD9991F28F}") = "CoreUnitTests", "CoreUnitTests\CoreUnitTests.vbproj", "{FA377098-1652-4094-A83D-9CE087A05360}"
EndProject
Global
	GlobalSection(SolutionConfigurationPlatforms) = preSolution
		Debug|Any CPU = Debug|Any CPU
		Release|Any CPU = Release|Any CPU
	EndGlobalSection
	GlobalSection(ProjectConfigurationPlatforms) = postSolution
		{478AA975-69AC-4A0C-8E52-E4A45473AB4F}.Debug|Any CPU.ActiveCfg = Debug|Any CPU
		{478AA975-69AC-4A0C-8E52-E4A45473AB4F}.Debug|Any CPU.Build.0 = Debug|Any CPU
		{478AA975-69AC-4A0C-8E52-E4A45473AB4F}.Release|Any CPU.ActiveCfg = Release|Any CPU
		{478AA975-69AC-4A0C-8E52-E4A45473AB4F}.Release|Any CPU.Build.0 = Release|Any CPU
		{ECBAB770-239A-4BA1-AECA-5A16CC866A29}.Debug|Any CPU.ActiveCfg = Debug|Any CPU
		{ECBAB770-239A-4BA1-AECA-5A16CC866A29}.Debug|Any CPU.Build.0 = Debug|Any CPU
		{ECBAB770-239A-4BA1-AECA-5A16CC866A29}.Release|Any CPU.ActiveCfg = Release|Any CPU
		{ECBAB770-239A-4BA1-AECA-5A16CC866A29}.Release|Any CPU.Build.0 = Release|Any CPU
		{FA377098-1652-4094-A83D-9CE087A05360}.Debug|Any CPU.ActiveCfg = Debug|Any CPU
		{FA377098-1652-4094-A83D-9CE087A05360}.Debug|Any CPU.Build.0 = Debug|Any CPU
		{FA377098-1652-4094-A83D-9CE087A05360}.Release|Any CPU.ActiveCfg = Release|Any CPU
		{FA377098-1652-4094-A83D-9CE087A05360}.Release|Any CPU.Build.0 = Release|Any CPU
	EndGlobalSection
	GlobalSection(SolutionProperties) = preSolution
		HideSolutionNode = FALSE
	EndGlobalSection
EndGlobal
